PODS:
  - Alamofire (5.9.1)
  - Capacitor (7.4.0):
    - CapacitorCordova
  - CapacitorBrowser (7.0.1):
    - Capacitor
  - CapacitorCamera (6.1.2):
    - Capacitor
  - CapacitorCommunityCameraPreview (7.0.2):
    - Capacitor
  - CapacitorCordova (7.4.0)
  - CapacitorDevice (6.0.2):
    - Capacitor
  - CapacitorFilesystem (6.0.3):
    - Capacitor
  - CapacitorGeolocation (6.1.0):
    - Capacitor
  - CapacitorHaptics (6.0.2):
    - Capacitor
  - CapacitorShare (6.0.3):
    - Capacitor
  - CapacitorSplashScreen (7.0.1):
    - Capacitor
  - CapacitorStatusBar (6.0.2):
    - Capacitor
  - KakaoSDKAuth (2.22.7):
    - KakaoSDKCommon (= 2.22.7)
  - KakaoSDKCommon (2.22.7):
    - KakaoSDKCommon/Common (= 2.22.7)
    - KakaoSDKCommon/Network (= 2.22.7)
  - KakaoSDKCommon/Common (2.22.7)
  - KakaoSDKCommon/Network (2.22.7):
    - Alamofire (~> 5.9.0)
    - KakaoSDKCommon/Common (= 2.22.7)
  - KakaoSDKUser (2.22.7):
    - KakaoSDKAuth (= 2.22.7)
  - TeamLepisodeCapacitorKakaoLogin (7.0.0):
    - Capacitor
    - KakaoSDKAuth
    - KakaoSDKCommon
    - KakaoSDKUser

DEPENDENCIES:
  - "Capacitor (from `../../node_modules/@capacitor/ios`)"
  - "CapacitorBrowser (from `../../node_modules/@capacitor/browser`)"
  - "CapacitorCamera (from `../../node_modules/@capacitor/camera`)"
  - "CapacitorCommunityCameraPreview (from `../../node_modules/@capacitor-community/camera-preview`)"
  - "CapacitorCordova (from `../../node_modules/@capacitor/ios`)"
  - "CapacitorDevice (from `../../node_modules/@capacitor/device`)"
  - "CapacitorFilesystem (from `../../node_modules/@capacitor/filesystem`)"
  - "CapacitorGeolocation (from `../../node_modules/@capacitor/geolocation`)"
  - "CapacitorHaptics (from `../../node_modules/@capacitor/haptics`)"
  - "CapacitorShare (from `../../node_modules/@capacitor/share`)"
  - "CapacitorSplashScreen (from `../../node_modules/@capacitor/splash-screen`)"
  - "CapacitorStatusBar (from `../../node_modules/@capacitor/status-bar`)"
  - "TeamLepisodeCapacitorKakaoLogin (from `../../node_modules/@team-lepisode/capacitor-kakao-login`)"

SPEC REPOS:
  trunk:
    - Alamofire
    - KakaoSDKAuth
    - KakaoSDKCommon
    - KakaoSDKUser

EXTERNAL SOURCES:
  Capacitor:
    :path: "../../node_modules/@capacitor/ios"
  CapacitorBrowser:
    :path: "../../node_modules/@capacitor/browser"
  CapacitorCamera:
    :path: "../../node_modules/@capacitor/camera"
  CapacitorCommunityCameraPreview:
    :path: "../../node_modules/@capacitor-community/camera-preview"
  CapacitorCordova:
    :path: "../../node_modules/@capacitor/ios"
  CapacitorDevice:
    :path: "../../node_modules/@capacitor/device"
  CapacitorFilesystem:
    :path: "../../node_modules/@capacitor/filesystem"
  CapacitorGeolocation:
    :path: "../../node_modules/@capacitor/geolocation"
  CapacitorHaptics:
    :path: "../../node_modules/@capacitor/haptics"
  CapacitorShare:
    :path: "../../node_modules/@capacitor/share"
  CapacitorSplashScreen:
    :path: "../../node_modules/@capacitor/splash-screen"
  CapacitorStatusBar:
    :path: "../../node_modules/@capacitor/status-bar"
  TeamLepisodeCapacitorKakaoLogin:
    :path: "../../node_modules/@team-lepisode/capacitor-kakao-login"

SPEC CHECKSUMS:
  Alamofire: f36a35757af4587d8e4f4bfa223ad10be2422b8c
  Capacitor: 10feab36396883c55373328124a677f118cd4b5f
  CapacitorBrowser: 6299776d496e968505464884d565992faa20444a
  CapacitorCamera: 9bc7b005d0e6f1d5f525b8137045b60cffffce79
  CapacitorCommunityCameraPreview: a45e3974b2f96fbc118d9cde1c8e5990fadf364f
  CapacitorCordova: 723e017d8a80ab2ede9959fbe37556c35ac860d5
  CapacitorDevice: 9efd479d71d1baad74b75df531184c3f730eaa48
  CapacitorFilesystem: 59270a63c60836248812671aa3b15df673fbaf74
  CapacitorGeolocation: 3f6c960e6d9d11c83fcdd181c4912604857afb51
  CapacitorHaptics: 4fc15afe22b123d093e6ace24d95e8e3b1f261b9
  CapacitorShare: d2a742baec21c8f3b92b361a2fbd2401cdd8288e
  CapacitorSplashScreen: 1d67815a422a9b61539c94f283c08ed56667c0fc
  CapacitorStatusBar: b16799a26320ffa52f6c8b01737d5a95bbb8f3eb
  KakaoSDKAuth: 45204252ff7c379c0f86c5573f97ec36885afca0
  KakaoSDKCommon: 132164a6bac8bcd3a4346d3bf777f34f8f39fdca
  KakaoSDKUser: 4c9cf1da78710d19d0b2c2dd32d1a44c544cdfa4
  TeamLepisodeCapacitorKakaoLogin: 7fe7692ab235d40ea44d38a038bfebf2bb104660

PODFILE CHECKSUM: eacf72b20f8c7d66ed2646ad0f19a1befbbd0f51

COCOAPODS: 1.16.2
